
Microsoft Visual Studio Solution File, Format Version 12.00
# Visual Studio 15
VisualStudioVersion = 15.0.26430.15
MinimumVisualStudioVersion = 10.0.40219.1
Project("{FAE04EC0-301F-11D3-BF4B-00C04F79EFBC}") = "ConsoleAppCrawler", "ConsoleAppCrawler\ConsoleAppCrawler.csproj", "{60816670-88B1-4409-B676-2619FD8CFA3F}"
EndProject
Project("{FAE04EC0-301F-11D3-BF4B-00C04F79EFBC}") = "ReadXml", "ReadXml\ReadXml.csproj", "{9E456178-B0FC-44A3-83ED-7BB36655F7DA}"
EndProject
Project("{FAE04EC0-301F-11D3-BF4B-00C04F79EFBC}") = "ClassLibrary1", "ClassLibrary1\ClassLibrary1.csproj", "{936C7AB8-0485-488F-8938-C50FFF332CF4}"
EndProject
Global
	GlobalSection(SolutionConfigurationPlatforms) = preSolution
		Debug|Any CPU = Debug|Any CPU
		Release|Any CPU = Release|Any CPU
	EndGlobalSection
	GlobalSection(ProjectConfigurationPlatforms) = postSolution
		{60816670-88B1-4409-B676-2619FD8CFA3F}.Debug|Any CPU.ActiveCfg = Debug|Any CPU
		{60816670-88B1-4409-B676-2619FD8CFA3F}.Debug|Any CPU.Build.0 = Debug|Any CPU
		{60816670-88B1-4409-B676-2619FD8CFA3F}.Release|Any CPU.ActiveCfg = Release|Any CPU
		{60816670-88B1-4409-B676-2619FD8CFA3F}.Release|Any CPU.Build.0 = Release|Any CPU
		{9E456178-B0FC-44A3-83ED-7BB36655F7DA}.Debug|Any CPU.ActiveCfg = Debug|Any CPU
		{9E456178-B0FC-44A3-83ED-7BB36655F7DA}.Debug|Any CPU.Build.0 = Debug|Any CPU
		{9E456178-B0FC-44A3-83ED-7BB36655F7DA}.Release|Any CPU.ActiveCfg = Release|Any CPU
		{9E456178-B0FC-44A3-83ED-7BB36655F7DA}.Release|Any CPU.Build.0 = Release|Any CPU
		{936C7AB8-0485-488F-8938-C50FFF332CF4}.Debug|Any CPU.ActiveCfg = Debug|Any CPU
		{936C7AB8-0485-488F-8938-C50FFF332CF4}.Debug|Any CPU.Build.0 = Debug|Any CPU
		{936C7AB8-0485-488F-8938-C50FFF332CF4}.Release|Any CPU.ActiveCfg = Release|Any CPU
		{936C7AB8-0485-488F-8938-C50FFF332CF4}.Release|Any CPU.Build.0 = Release|Any CPU
	EndGlobalSection
	GlobalSection(SolutionProperties) = preSolution
		HideSolutionNode = FALSE
	EndGlobalSection
EndGlobal
